<Solution>
  <Configurations>
    <Platform Name="Any CPU" />
    <Platform Name="ARM64" />
    <Platform Name="x64" />
    <Platform Name="x86" />
  </Configurations>
  <Folder Name="/Documentation/">
    <File Path="documentation/VisualStudioExtension.md" />
    <File Path="MSBuildGuard.VSCode/VScodeExtension.md" />
  </Folder>
  <Folder Name="/MSBuildGuard.VScode/">
    <File Path="MSBuildGuard.VSCode/.vscodeignore" />
    <File Path="MSBuildGuard.VSCode/package-lock.json" />
    <File Path="MSBuildGuard.VSCode/package.json" />
    <File Path="MSBuildGuard.VSCode/tsconfig.json" />
  </Folder>
  <Folder Name="/MSBuildGuard.VScode/src/">
    <File Path="MSBuildGuard.VSCode/README.md" />
    <File Path="MSBuildGuard.VSCode/src/extension.ts" />
  </Folder>
  <Folder Name="/MSBuildGuard.VScode/src/schemas/">
    <File Path="MSBuildGuard.VSCode/src/schemas/policy.schema.json" />
    <File Path="MSBuildGuard.VSCode/src/schemas/trust.schema.json" />
  </Folder>
  <Folder Name="/MSBuildGuard.VScode/src/services/">
    <File Path="MSBuildGuard.VSCode/src/services/buildEnforcer.ts" />
    <File Path="MSBuildGuard.VSCode/src/services/diagnosticPublisher.ts" />
    <File Path="MSBuildGuard.VSCode/src/services/workerClient.ts" />
  </Folder>
  <Folder Name="/MSBuildGuard.VScode/src/views/">
    <File Path="MSBuildGuard.VSCode/src/views/policyEditorView.ts" />
    <File Path="MSBuildGuard.VSCode/src/views/securityReviewView.ts" />
    <File Path="MSBuildGuard.VSCode/src/views/trustStoreView.ts" />
  </Folder>
  <Folder Name="/Solution Configuration/" />
  <Folder Name="/Solution Items/">
    <File Path="LICENSE" />
    <File Path="README.md" />
  </Folder>
  <Project Path="MSBuildGuard.Core.Tests/MSBuildGuard.Core.Tests.csproj" />
  <Project Path="MSBuildGuard.Core/MSBuildGuard.Core.csproj" Id="cd66c698-205d-4a78-9213-f0b856dee057" />
  <Project Path="MSBuildGuard.VisualStudio/MSBuildGuard.VisualStudio.csproj">
    <Deploy Solution="Debug|Any CPU" />
  </Project>
  <Project Path="MSBuildGuard.VisualStudio.Tests/MSBuildGuard.VisualStudio.Tests.csproj" />
  <Project Path="MSBuildGuard.Worker.Tests/MSBuildGuard.Worker.Tests.csproj" />
  <Project Path="MSBuildGuard.Worker/MSBuildGuard.Worker.csproj" />
</Solution>
